
Microsoft Visual Studio Solution File, Format Version 12.00
# Visual Studio Version 16
VisualStudioVersion = 16.0.31410.357
MinimumVisualStudioVersion = 10.0.40219.1
Project("{9A19103F-16F7-4668-BE54-9A1E7A4F7556}") = "AspNetCore", "AspNetCore\AspNetCore.csproj", "{A1B6F496-A22D-409B-B6D2-25E9CA7C209C}"
EndProject
Project("{FAE04EC0-301F-11D3-BF4B-00C04F79EFBC}") = "AspNetCoreMVC", "AspNetCoreMVC\AspNetCoreMVC.csproj", "{66A6D3C4-2F09-48F7-8FD3-B00F86D465D0}"
EndProject
Global
	GlobalSection(SolutionConfigurationPlatforms) = preSolution
		Debug|Any CPU = Debug|Any CPU
		Release|Any CPU = Release|Any CPU
	EndGlobalSection
	GlobalSection(ProjectConfigurationPlatforms) = postSolution
		{A1B6F496-A22D-409B-B6D2-25E9CA7C209C}.Debug|Any CPU.ActiveCfg = Debug|Any CPU
		{A1B6F496-A22D-409B-B6D2-25E9CA7C209C}.Debug|Any CPU.Build.0 = Debug|Any CPU
		{A1B6F496-A22D-409B-B6D2-25E9CA7C209C}.Release|Any CPU.ActiveCfg = Release|Any CPU
		{A1B6F496-A22D-409B-B6D2-25E9CA7C209C}.Release|Any CPU.Build.0 = Release|Any CPU
		{66A6D3C4-2F09-48F7-8FD3-B00F86D465D0}.Debug|Any CPU.ActiveCfg = Debug|Any CPU
		{66A6D3C4-2F09-48F7-8FD3-B00F86D465D0}.Debug|Any CPU.Build.0 = Debug|Any CPU
		{66A6D3C4-2F09-48F7-8FD3-B00F86D465D0}.Release|Any CPU.ActiveCfg = Release|Any CPU
		{66A6D3C4-2F09-48F7-8FD3-B00F86D465D0}.Release|Any CPU.Build.0 = Release|Any CPU
	EndGlobalSection
	GlobalSection(SolutionProperties) = preSolution
		HideSolutionNode = FALSE
	EndGlobalSection
	GlobalSection(ExtensibilityGlobals) = postSolution
		SolutionGuid = {B13BE077-21B0-4809-A71E-2B52FB2448E2}
	EndGlobalSection
EndGlobal
